// !$*UTF8*$!
{
	archiveVersion = 1;
	classes = {
	};
	objectVersion = 56;
	objects = {

/* Begin PBXBuildFile section */
		1B64564D2BBC647B001719CB /* FunctionalClasses.swift in Sources */ = {isa = PBXBuildFile; fileRef = 1B64564C2BBC647B001719CB /* FunctionalClasses.swift */; };
		1B64564F2BBC7803001719CB /* FunctionalTests.swift in Sources */ = {isa = PBXBuildFile; fileRef = 1B64564E2BBC7803001719CB /* FunctionalTests.swift */; };
		1B6869D32BBB3ED0007CA543 /* FactorialTests.swift in Sources */ = {isa = PBXBuildFile; fileRef = 1B6869D22BBB3ED0007CA543 /* FactorialTests.swift */; };
		1B76118F2BB83538001CC620 /* AppDelegate.swift in Sources */ = {isa = PBXBuildFile; fileRef = 1B76118E2BB83538001CC620 /* AppDelegate.swift */; };
		1B7611912BB83538001CC620 /* SceneDelegate.swift in Sources */ = {isa = PBXBuildFile; fileRef = 1B7611902BB83538001CC620 /* SceneDelegate.swift */; };
		1B7611932BB83538001CC620 /* ViewController.swift in Sources */ = {isa = PBXBuildFile; fileRef = 1B7611922BB83538001CC620 /* ViewController.swift */; };
		1B7611962BB83538001CC620 /* Base in Resources */ = {isa = PBXBuildFile; fileRef = 1B7611952BB83538001CC620 /* Base */; };
		1B7611982BB83539001CC620 /* Assets.xcassets in Resources */ = {isa = PBXBuildFile; fileRef = 1B7611972BB83539001CC620 /* Assets.xcassets */; };
		1B76119B2BB83539001CC620 /* Base in Resources */ = {isa = PBXBuildFile; fileRef = 1B76119A2BB83539001CC620 /* Base */; };
		1B7611A62BB8353A001CC620 /* CodeRefineryTests.swift in Sources */ = {isa = PBXBuildFile; fileRef = 1B7611A52BB8353A001CC620 /* CodeRefineryTests.swift */; };
		1B7611B02BB8353A001CC620 /* CodeRefineryUITests.swift in Sources */ = {isa = PBXBuildFile; fileRef = 1B7611AF2BB8353A001CC620 /* CodeRefineryUITests.swift */; };
		1B7611B22BB8353A001CC620 /* CodeRefineryUITestsLaunchTests.swift in Sources */ = {isa = PBXBuildFile; fileRef = 1B7611B12BB8353A001CC620 /* CodeRefineryUITestsLaunchTests.swift */; };
		1B81CEF92BC6A5E000934586 /* HomeViewController.swift in Sources */ = {isa = PBXBuildFile; fileRef = 1B81CEF82BC6A5E000934586 /* HomeViewController.swift */; };
		1B81CEFC2BC6A5FC00934586 /* HomeViewModel.swift in Sources */ = {isa = PBXBuildFile; fileRef = 1B81CEFB2BC6A5FC00934586 /* HomeViewModel.swift */; };
		1B81CEFF2BC6A62900934586 /* NetworkManager.swift in Sources */ = {isa = PBXBuildFile; fileRef = 1B81CEFE2BC6A62900934586 /* NetworkManager.swift */; };
		1B81CF022BC6AB5500934586 /* HomeNetwokTests.swift in Sources */ = {isa = PBXBuildFile; fileRef = 1B81CF012BC6AB5500934586 /* HomeNetwokTests.swift */; };
/* End PBXBuildFile section */

/* Begin PBXContainerItemProxy section */
		1B7611A22BB8353A001CC620 /* PBXContainerItemProxy */ = {
			isa = PBXContainerItemProxy;
			containerPortal = 1B7611832BB83538001CC620 /* Project object */;
			proxyType = 1;
			remoteGlobalIDString = 1B76118A2BB83538001CC620;
			remoteInfo = CodeRefinery;
		};
		1B7611AC2BB8353A001CC620 /* PBXContainerItemProxy */ = {
			isa = PBXContainerItemProxy;
			containerPortal = 1B7611832BB83538001CC620 /* Project object */;
			proxyType = 1;
			remoteGlobalIDString = 1B76118A2BB83538001CC620;
			remoteInfo = CodeRefinery;
		};
/* End PBXContainerItemProxy section */

/* Begin PBXFileReference section */
		1B64564C2BBC647B001719CB /* FunctionalClasses.swift */ = {isa = PBXFileReference; lastKnownFileType = sourcecode.swift; path = FunctionalClasses.swift; sourceTree = "<group>"; };
		1B64564E2BBC7803001719CB /* FunctionalTests.swift */ = {isa = PBXFileReference; lastKnownFileType = sourcecode.swift; path = FunctionalTests.swift; sourceTree = "<group>"; };
		1B6869D22BBB3ED0007CA543 /* FactorialTests.swift */ = {isa = PBXFileReference; lastKnownFileType = sourcecode.swift; path = FactorialTests.swift; sourceTree = "<group>"; };
		1B76118B2BB83538001CC620 /* CodeRefinery.app */ = {isa = PBXFileReference; explicitFileType = wrapper.application; includeInIndex = 0; path = CodeRefinery.app; sourceTree = BUILT_PRODUCTS_DIR; };
		1B76118E2BB83538001CC620 /* AppDelegate.swift */ = {isa = PBXFileReference; lastKnownFileType = sourcecode.swift; path = AppDelegate.swift; sourceTree = "<group>"; };
		1B7611902BB83538001CC620 /* SceneDelegate.swift */ = {isa = PBXFileReference; lastKnownFileType = sourcecode.swift; path = SceneDelegate.swift; sourceTree = "<group>"; };
		1B7611922BB83538001CC620 /* ViewController.swift */ = {isa = PBXFileReference; lastKnownFileType = sourcecode.swift; path = ViewController.swift; sourceTree = "<group>"; };
		1B7611952BB83538001CC620 /* Base */ = {isa = PBXFileReference; lastKnownFileType = file.storyboard; name = Base; path = Base.lproj/Main.storyboard; sourceTree = "<group>"; };
		1B7611972BB83539001CC620 /* Assets.xcassets */ = {isa = PBXFileReference; lastKnownFileType = folder.assetcatalog; path = Assets.xcassets; sourceTree = "<group>"; };
		1B76119A2BB83539001CC620 /* Base */ = {isa = PBXFileReference; lastKnownFileType = file.storyboard; name = Base; path = Base.lproj/LaunchScreen.storyboard; sourceTree = "<group>"; };
		1B76119C2BB83539001CC620 /* Info.plist */ = {isa = PBXFileReference; lastKnownFileType = text.plist.xml; path = Info.plist; sourceTree = "<group>"; };
		1B7611A12BB8353A001CC620 /* CodeRefineryTests.xctest */ = {isa = PBXFileReference; explicitFileType = wrapper.cfbundle; includeInIndex = 0; path = CodeRefineryTests.xctest; sourceTree = BUILT_PRODUCTS_DIR; };
		1B7611A52BB8353A001CC620 /* CodeRefineryTests.swift */ = {isa = PBXFileReference; lastKnownFileType = sourcecode.swift; path = CodeRefineryTests.swift; sourceTree = "<group>"; };
		1B7611AB2BB8353A001CC620 /* CodeRefineryUITests.xctest */ = {isa = PBXFileReference; explicitFileType = wrapper.cfbundle; includeInIndex = 0; path = CodeRefineryUITests.xctest; sourceTree = BUILT_PRODUCTS_DIR; };
		1B7611AF2BB8353A001CC620 /* CodeRefineryUITests.swift */ = {isa = PBXFileReference; lastKnownFileType = sourcecode.swift; path = CodeRefineryUITests.swift; sourceTree = "<group>"; };
		1B7611B12BB8353A001CC620 /* CodeRefineryUITestsLaunchTests.swift */ = {isa = PBXFileReference; lastKnownFileType = sourcecode.swift; path = CodeRefineryUITestsLaunchTests.swift; sourceTree = "<group>"; };
		1B81CEF82BC6A5E000934586 /* HomeViewController.swift */ = {isa = PBXFileReference; lastKnownFileType = sourcecode.swift; path = HomeViewController.swift; sourceTree = "<group>"; };
		1B81CEFB2BC6A5FC00934586 /* HomeViewModel.swift */ = {isa = PBXFileReference; lastKnownFileType = sourcecode.swift; path = HomeViewModel.swift; sourceTree = "<group>"; };
		1B81CEFE2BC6A62900934586 /* NetworkManager.swift */ = {isa = PBXFileReference; lastKnownFileType = sourcecode.swift; path = NetworkManager.swift; sourceTree = "<group>"; };
		1B81CF012BC6AB5500934586 /* HomeNetwokTests.swift */ = {isa = PBXFileReference; lastKnownFileType = sourcecode.swift; path = HomeNetwokTests.swift; sourceTree = "<group>"; };
/* End PBXFileReference section */

/* Begin PBXFrameworksBuildPhase section */
		1B7611882BB83538001CC620 /* Frameworks */ = {
			isa = PBXFrameworksBuildPhase;
			buildActionMask = 2147483647;
			files = (
			);
			runOnlyForDeploymentPostprocessing = 0;
		};
		1B76119E2BB8353A001CC620 /* Frameworks */ = {
			isa = PBXFrameworksBuildPhase;
			buildActionMask = 2147483647;
			files = (
			);
			runOnlyForDeploymentPostprocessing = 0;
		};
		1B7611A82BB8353A001CC620 /* Frameworks */ = {
			isa = PBXFrameworksBuildPhase;
			buildActionMask = 2147483647;
			files = (
			);
			runOnlyForDeploymentPostprocessing = 0;
		};
/* End PBXFrameworksBuildPhase section */

/* Begin PBXGroup section */
		1B64564B2BBC6419001719CB /* TestingActivities */ = {
			isa = PBXGroup;
			children = (
				1B64564C2BBC647B001719CB /* FunctionalClasses.swift */,
			);
			path = TestingActivities;
			sourceTree = "<group>";
		};
		1B7611822BB83538001CC620 = {
			isa = PBXGroup;
			children = (
				1B76118D2BB83538001CC620 /* CodeRefinery */,
				1B7611A42BB8353A001CC620 /* CodeRefineryTests */,
				1B7611AE2BB8353A001CC620 /* CodeRefineryUITests */,
				1B76118C2BB83538001CC620 /* Products */,
			);
			sourceTree = "<group>";
		};
		1B76118C2BB83538001CC620 /* Products */ = {
			isa = PBXGroup;
			children = (
				1B76118B2BB83538001CC620 /* CodeRefinery.app */,
				1B7611A12BB8353A001CC620 /* CodeRefineryTests.xctest */,
				1B7611AB2BB8353A001CC620 /* CodeRefineryUITests.xctest */,
			);
			name = Products;
			sourceTree = "<group>";
		};
		1B76118D2BB83538001CC620 /* CodeRefinery */ = {
			isa = PBXGroup;
			children = (
				1B81CF002BC6A65600934586 /* AppDelegateFiles */,
				1B81CEFD2BC6A61300934586 /* NetworkManager */,
				1B81CEF62BC6A5A100934586 /* HomeScreen */,
				1B64564B2BBC6419001719CB /* TestingActivities */,
				1B7611922BB83538001CC620 /* ViewController.swift */,
				1B7611942BB83538001CC620 /* Main.storyboard */,
				1B7611972BB83539001CC620 /* Assets.xcassets */,
				1B7611992BB83539001CC620 /* LaunchScreen.storyboard */,
				1B76119C2BB83539001CC620 /* Info.plist */,
			);
			path = CodeRefinery;
			sourceTree = "<group>";
		};
		1B7611A42BB8353A001CC620 /* CodeRefineryTests */ = {
			isa = PBXGroup;
			children = (
				1B7611A52BB8353A001CC620 /* CodeRefineryTests.swift */,
				1B6869D22BBB3ED0007CA543 /* FactorialTests.swift */,
				1B64564E2BBC7803001719CB /* FunctionalTests.swift */,
				1B81CF012BC6AB5500934586 /* HomeNetwokTests.swift */,
			);
			path = CodeRefineryTests;
			sourceTree = "<group>";
		};
		1B7611AE2BB8353A001CC620 /* CodeRefineryUITests */ = {
			isa = PBXGroup;
			children = (
				1B7611AF2BB8353A001CC620 /* CodeRefineryUITests.swift */,
				1B7611B12BB8353A001CC620 /* CodeRefineryUITestsLaunchTests.swift */,
			);
			path = CodeRefineryUITests;
			sourceTree = "<group>";
		};
		1B81CEF62BC6A5A100934586 /* HomeScreen */ = {
			isa = PBXGroup;
			children = (
				1B81CEFA2BC6A5EB00934586 /* ViewModel */,
				1B81CEF72BC6A5BF00934586 /* View */,
			);
			path = HomeScreen;
			sourceTree = "<group>";
		};
		1B81CEF72BC6A5BF00934586 /* View */ = {
			isa = PBXGroup;
			children = (
				1B81CEF82BC6A5E000934586 /* HomeViewController.swift */,
			);
			path = View;
			sourceTree = "<group>";
		};
		1B81CEFA2BC6A5EB00934586 /* ViewModel */ = {
			isa = PBXGroup;
			children = (
				1B81CEFB2BC6A5FC00934586 /* HomeViewModel.swift */,
			);
			path = ViewModel;
			sourceTree = "<group>";
		};
		1B81CEFD2BC6A61300934586 /* NetworkManager */ = {
			isa = PBXGroup;
			children = (
				1B81CEFE2BC6A62900934586 /* NetworkManager.swift */,
			);
			path = NetworkManager;
			sourceTree = "<group>";
		};
		1B81CF002BC6A65600934586 /* AppDelegateFiles */ = {
			isa = PBXGroup;
			children = (
				1B76118E2BB83538001CC620 /* AppDelegate.swift */,
				1B7611902BB83538001CC620 /* SceneDelegate.swift */,
			);
			path = AppDelegateFiles;
			sourceTree = "<group>";
		};
/* End PBXGroup section */

/* Begin PBXNativeTarget section */
		1B76118A2BB83538001CC620 /* CodeRefinery */ = {
			isa = PBXNativeTarget;
			buildConfigurationList = 1B7611B52BB8353A001CC620 /* Build configuration list for PBXNativeTarget "CodeRefinery" */;
			buildPhases = (
				1B7611872BB83538001CC620 /* Sources */,
				1B7611882BB83538001CC620 /* Frameworks */,
				1B7611892BB83538001CC620 /* Resources */,
			);
			buildRules = (
			);
			dependencies = (
			);
			name = CodeRefinery;
			productName = CodeRefinery;
			productReference = 1B76118B2BB83538001CC620 /* CodeRefinery.app */;
			productType = "com.apple.product-type.application";
		};
		1B7611A02BB8353A001CC620 /* CodeRefineryTests */ = {
			isa = PBXNativeTarget;
			buildConfigurationList = 1B7611B82BB8353A001CC620 /* Build configuration list for PBXNativeTarget "CodeRefineryTests" */;
			buildPhases = (
				1B76119D2BB8353A001CC620 /* Sources */,
				1B76119E2BB8353A001CC620 /* Frameworks */,
				1B76119F2BB8353A001CC620 /* Resources */,
			);
			buildRules = (
			);
			dependencies = (
				1B7611A32BB8353A001CC620 /* PBXTargetDependency */,
			);
			name = CodeRefineryTests;
			productName = CodeRefineryTests;
			productReference = 1B7611A12BB8353A001CC620 /* CodeRefineryTests.xctest */;
			productType = "com.apple.product-type.bundle.unit-test";
		};
		1B7611AA2BB8353A001CC620 /* CodeRefineryUITests */ = {
			isa = PBXNativeTarget;
			buildConfigurationList = 1B7611BB2BB8353A001CC620 /* Build configuration list for PBXNativeTarget "CodeRefineryUITests" */;
			buildPhases = (
				1B7611A72BB8353A001CC620 /* Sources */,
				1B7611A82BB8353A001CC620 /* Frameworks */,
				1B7611A92BB8353A001CC620 /* Resources */,
			);
			buildRules = (
			);
			dependencies = (
				1B7611AD2BB8353A001CC620 /* PBXTargetDependency */,
			);
			name = CodeRefineryUITests;
			productName = CodeRefineryUITests;
			productReference = 1B7611AB2BB8353A001CC620 /* CodeRefineryUITests.xctest */;
			productType = "com.apple.product-type.bundle.ui-testing";
		};
/* End PBXNativeTarget section */

/* Begin PBXProject section */
		1B7611832BB83538001CC620 /* Project object */ = {
			isa = PBXProject;
			attributes = {
				BuildIndependentTargetsInParallel = 1;
				LastSwiftUpdateCheck = 1530;
				LastUpgradeCheck = 1530;
				TargetAttributes = {
					1B76118A2BB83538001CC620 = {
						CreatedOnToolsVersion = 15.3;
					};
					1B7611A02BB8353A001CC620 = {
						CreatedOnToolsVersion = 15.3;
						TestTargetID = 1B76118A2BB83538001CC620;
					};
					1B7611AA2BB8353A001CC620 = {
						CreatedOnToolsVersion = 15.3;
						TestTargetID = 1B76118A2BB83538001CC620;
					};
				};
			};
			buildConfigurationList = 1B7611862BB83538001CC620 /* Build configuration list for PBXProject "CodeRefinery" */;
			compatibilityVersion = "Xcode 14.0";
			developmentRegion = en;
			hasScannedForEncodings = 0;
			knownRegions = (
				en,
				Base,
			);
			mainGroup = 1B7611822BB83538001CC620;
			productRefGroup = 1B76118C2BB83538001CC620 /* Products */;
			projectDirPath = "";
			projectRoot = "";
			targets = (
				1B76118A2BB83538001CC620 /* CodeRefinery */,
				1B7611A02BB8353A001CC620 /* CodeRefineryTests */,
				1B7611AA2BB8353A001CC620 /* CodeRefineryUITests */,
			);
		};
/* End PBXProject section */

/* Begin PBXResourcesBuildPhase section */
		1B7611892BB83538001CC620 /* Resources */ = {
			isa = PBXResourcesBuildPhase;
			buildActionMask = 2147483647;
			files = (
				1B7611982BB83539001CC620 /* Assets.xcassets in Resources */,
				1B76119B2BB83539001CC620 /* Base in Resources */,
				1B7611962BB83538001CC620 /* Base in Resources */,
			);
			runOnlyForDeploymentPostprocessing = 0;
		};
		1B76119F2BB8353A001CC620 /* Resources */ = {
			isa = PBXResourcesBuildPhase;
			buildActionMask = 2147483647;
			files = (
			);
			runOnlyForDeploymentPostprocessing = 0;
		};
		1B7611A92BB8353A001CC620 /* Resources */ = {
			isa = PBXResourcesBuildPhase;
			buildActionMask = 2147483647;
			files = (
			);
			runOnlyForDeploymentPostprocessing = 0;
		};
/* End PBXResourcesBuildPhase section */

/* Begin PBXSourcesBuildPhase section */
		1B7611872BB83538001CC620 /* Sources */ = {
			isa = PBXSourcesBuildPhase;
			buildActionMask = 2147483647;
			files = (
				1B81CEF92BC6A5E000934586 /* HomeViewController.swift in Sources */,
				1B81CEFC2BC6A5FC00934586 /* HomeViewModel.swift in Sources */,
				1B7611932BB83538001CC620 /* ViewController.swift in Sources */,
				1B81CEFF2BC6A62900934586 /* NetworkManager.swift in Sources */,
				1B76118F2BB83538001CC620 /* AppDelegate.swift in Sources */,
				1B7611912BB83538001CC620 /* SceneDelegate.swift in Sources */,
				1B64564D2BBC647B001719CB /* FunctionalClasses.swift in Sources */,
			);
			runOnlyForDeploymentPostprocessing = 0;
		};
		1B76119D2BB8353A001CC620 /* Sources */ = {
			isa = PBXSourcesBuildPhase;
			buildActionMask = 2147483647;
			files = (
				1B81CF022BC6AB5500934586 /* HomeNetwokTests.swift in Sources */,
				1B7611A62BB8353A001CC620 /* CodeRefineryTests.swift in Sources */,
				1B64564F2BBC7803001719CB /* FunctionalTests.swift in Sources */,
				1B6869D32BBB3ED0007CA543 /* FactorialTests.swift in Sources */,
			);
			runOnlyForDeploymentPostprocessing = 0;
		};
		1B7611A72BB8353A001CC620 /* Sources */ = {
			isa = PBXSourcesBuildPhase;
			buildActionMask = 2147483647;
			files = (
				1B7611B02BB8353A001CC620 /* CodeRefineryUITests.swift in Sources */,
				1B7611B22BB8353A001CC620 /* CodeRefineryUITestsLaunchTests.swift in Sources */,
			);
			runOnlyForDeploymentPostprocessing = 0;
		};
/* End PBXSourcesBuildPhase section */

/* Begin PBXTargetDependency section */
		1B7611A32BB8353A001CC620 /* PBXTargetDependency */ = {
			isa = PBXTargetDependency;
			target = 1B76118A2BB83538001CC620 /* CodeRefinery */;
			targetProxy = 1B7611A22BB8353A001CC620 /* PBXContainerItemProxy */;
		};
		1B7611AD2BB8353A001CC620 /* PBXTargetDependency */ = {
			isa = PBXTargetDependency;
			target = 1B76118A2BB83538001CC620 /* CodeRefinery */;
			targetProxy = 1B7611AC2BB8353A001CC620 /* PBXContainerItemProxy */;
		};
/* End PBXTargetDependency section */

/* Begin PBXVariantGroup section */
		1B7611942BB83538001CC620 /* Main.storyboard */ = {
			isa = PBXVariantGroup;
			children = (
				1B7611952BB83538001CC620 /* Base */,
			);
			name = Main.storyboard;
			sourceTree = "<group>";
		};
		1B7611992BB83539001CC620 /* LaunchScreen.storyboard */ = {
			isa = PBXVariantGroup;
			children = (
				1B76119A2BB83539001CC620 /* Base */,
			);
			name = LaunchScreen.storyboard;
			sourceTree = "<group>";
		};
/* End PBXVariantGroup section */

/* Begin XCBuildConfiguration section */
		1B7611B32BB8353A001CC620 /* Debug */ = {
			isa = XCBuildConfiguration;
			buildSettings = {
				ALWAYS_SEARCH_USER_PATHS = NO;
				ASSETCATALOG_COMPILER_GENERATE_SWIFT_ASSET_SYMBOL_EXTENSIONS = YES;
				CLANG_ANALYZER_NONNULL = YES;
				CLANG_ANALYZER_NUMBER_OBJECT_CONVERSION = YES_AGGRESSIVE;
				CLANG_CXX_LANGUAGE_STANDARD = "gnu++20";
				CLANG_ENABLE_MODULES = YES;
				CLANG_ENABLE_OBJC_ARC = YES;
				CLANG_ENABLE_OBJC_WEAK = YES;
				CLANG_WARN_BLOCK_CAPTURE_AUTORELEASING = YES;
				CLANG_WARN_BOOL_CONVERSION = YES;
				CLANG_WARN_COMMA = YES;
				CLANG_WARN_CONSTANT_CONVERSION = YES;
				CLANG_WARN_DEPRECATED_OBJC_IMPLEMENTATIONS = YES;
				CLANG_WARN_DIRECT_OBJC_ISA_USAGE = YES_ERROR;
				CLANG_WARN_DOCUMENTATION_COMMENTS = YES;
				CLANG_WARN_EMPTY_BODY = YES;
				CLANG_WARN_ENUM_CONVERSION = YES;
				CLANG_WARN_INFINITE_RECURSION = YES;
				CLANG_WARN_INT_CONVERSION = YES;
				CLANG_WARN_NON_LITERAL_NULL_CONVERSION = YES;
				CLANG_WARN_OBJC_IMPLICIT_RETAIN_SELF = YES;
				CLANG_WARN_OBJC_LITERAL_CONVERSION = YES;
				CLANG_WARN_OBJC_ROOT_CLASS = YES_ERROR;
				CLANG_WARN_QUOTED_INCLUDE_IN_FRAMEWORK_HEADER = YES;
				CLANG_WARN_RANGE_LOOP_ANALYSIS = YES;
				CLANG_WARN_STRICT_PROTOTYPES = YES;
				CLANG_WARN_SUSPICIOUS_MOVE = YES;
				CLANG_WARN_UNGUARDED_AVAILABILITY = YES_AGGRESSIVE;
				CLANG_WARN_UNREACHABLE_CODE = YES;
				CLANG_WARN__DUPLICATE_METHOD_MATCH = YES;
				COPY_PHASE_STRIP = NO;
				DEBUG_INFORMATION_FORMAT = dwarf;
				ENABLE_STRICT_OBJC_MSGSEND = YES;
				ENABLE_TESTABILITY = YES;
				ENABLE_USER_SCRIPT_SANDBOXING = YES;
				GCC_C_LANGUAGE_STANDARD = gnu17;
				GCC_DYNAMIC_NO_PIC = NO;
				GCC_NO_COMMON_BLOCKS = YES;
				GCC_OPTIMIZATION_LEVEL = 0;
				GCC_PREPROCESSOR_DEFINITIONS = (
					"DEBUG=1",
					"$(inherited)",
				);
				GCC_WARN_64_TO_32_BIT_CONVERSION = YES;
				GCC_WARN_ABOUT_RETURN_TYPE = YES_ERROR;
				GCC_WARN_UNDECLARED_SELECTOR = YES;
				GCC_WARN_UNINITIALIZED_AUTOS = YES_AGGRESSIVE;
				GCC_WARN_UNUSED_FUNCTION = YES;
				GCC_WARN_UNUSED_VARIABLE = YES;
				IPHONEOS_DEPLOYMENT_TARGET = 17.4;
				LOCALIZATION_PREFERS_STRING_CATALOGS = YES;
				MTL_ENABLE_DEBUG_INFO = INCLUDE_SOURCE;
				MTL_FAST_MATH = YES;
				ONLY_ACTIVE_ARCH = YES;
				SDKROOT = iphoneos;
				SWIFT_ACTIVE_COMPILATION_CONDITIONS = "DEBUG $(inherited)";
				SWIFT_OPTIMIZATION_LEVEL = "-Onone";
			};
			name = Debug;
		};
		1B7611B42BB8353A001CC620 /* Release */ = {
			isa = XCBuildConfiguration;
			buildSettings = {
				ALWAYS_SEARCH_USER_PATHS = NO;
				ASSETCATALOG_COMPILER_GENERATE_SWIFT_ASSET_SYMBOL_EXTENSIONS = YES;
				CLANG_ANALYZER_NONNULL = YES;
				CLANG_ANALYZER_NUMBER_OBJECT_CONVERSION = YES_AGGRESSIVE;
				CLANG_CXX_LANGUAGE_STANDARD = "gnu++20";
				CLANG_ENABLE_MODULES = YES;
				CLANG_ENABLE_OBJC_ARC = YES;
				CLANG_ENABLE_OBJC_WEAK = YES;
				CLANG_WARN_BLOCK_CAPTURE_AUTORELEASING = YES;
				CLANG_WARN_BOOL_CONVERSION = YES;
				CLANG_WARN_COMMA = YES;
				CLANG_WARN_CONSTANT_CONVERSION = YES;
				CLANG_WARN_DEPRECATED_OBJC_IMPLEMENTATIONS = YES;
				CLANG_WARN_DIRECT_OBJC_ISA_USAGE = YES_ERROR;
				CLANG_WARN_DOCUMENTATION_COMMENTS = YES;
				CLANG_WARN_EMPTY_BODY = YES;
				CLANG_WARN_ENUM_CONVERSION = YES;
				CLANG_WARN_INFINITE_RECURSION = YES;
				CLANG_WARN_INT_CONVERSION = YES;
				CLANG_WARN_NON_LITERAL_NULL_CONVERSION = YES;
				CLANG_WARN_OBJC_IMPLICIT_RETAIN_SELF = YES;
				CLANG_WARN_OBJC_LITERAL_CONVERSION = YES;
				CLANG_WARN_OBJC_ROOT_CLASS = YES_ERROR;
				CLANG_WARN_QUOTED_INCLUDE_IN_FRAMEWORK_HEADER = YES;
				CLANG_WARN_RANGE_LOOP_ANALYSIS = YES;
				CLANG_WARN_STRICT_PROTOTYPES = YES;
				CLANG_WARN_SUSPICIOUS_MOVE = YES;
				CLANG_WARN_UNGUARDED_AVAILABILITY = YES_AGGRESSIVE;
				CLANG_WARN_UNREACHABLE_CODE = YES;
				CLANG_WARN__DUPLICATE_METHOD_MATCH = YES;
				COPY_PHASE_STRIP = NO;
				DEBUG_INFORMATION_FORMAT = "dwarf-with-dsym";
				ENABLE_NS_ASSERTIONS = NO;
				ENABLE_STRICT_OBJC_MSGSEND = YES;
				ENABLE_USER_SCRIPT_SANDBOXING = YES;
				GCC_C_LANGUAGE_STANDARD = gnu17;
				GCC_NO_COMMON_BLOCKS = YES;
				GCC_WARN_64_TO_32_BIT_CONVERSION = YES;
				GCC_WARN_ABOUT_RETURN_TYPE = YES_ERROR;
				GCC_WARN_UNDECLARED_SELECTOR = YES;
				GCC_WARN_UNINITIALIZED_AUTOS = YES_AGGRESSIVE;
				GCC_WARN_UNUSED_FUNCTION = YES;
				GCC_WARN_UNUSED_VARIABLE = YES;
				IPHONEOS_DEPLOYMENT_TARGET = 17.4;
				LOCALIZATION_PREFERS_STRING_CATALOGS = YES;
				MTL_ENABLE_DEBUG_INFO = NO;
				MTL_FAST_MATH = YES;
				SDKROOT = iphoneos;
				SWIFT_COMPILATION_MODE = wholemodule;
				VALIDATE_PRODUCT = YES;
			};
			name = Release;
		};
		1B7611B62BB8353A001CC620 /* Debug */ = {
			isa = XCBuildConfiguration;
			buildSettings = {
				ASSETCATALOG_COMPILER_APPICON_NAME = AppIcon;
				ASSETCATALOG_COMPILER_GLOBAL_ACCENT_COLOR_NAME = AccentColor;
				CODE_SIGN_STYLE = Automatic;
				CURRENT_PROJECT_VERSION = 1;
				DEVELOPMENT_TEAM = H6U4V7CW7M;
				GENERATE_INFOPLIST_FILE = YES;
				INFOPLIST_FILE = CodeRefinery/Info.plist;
				INFOPLIST_KEY_UIApplicationSupportsIndirectInputEvents = YES;
				INFOPLIST_KEY_UILaunchStoryboardName = LaunchScreen;
				INFOPLIST_KEY_UIMainStoryboardFile = Main;
				INFOPLIST_KEY_UISupportedInterfaceOrientations_iPad = "UIInterfaceOrientationPortrait UIInterfaceOrientationPortraitUpsideDown UIInterfaceOrientationLandscapeLeft UIInterfaceOrientationLandscapeRight";
				INFOPLIST_KEY_UISupportedInterfaceOrientations_iPhone = "UIInterfaceOrientationPortrait UIInterfaceOrientationLandscapeLeft UIInterfaceOrientationLandscapeRight";
				LD_RUNPATH_SEARCH_PATHS = (
					"$(inherited)",
					"@executable_path/Frameworks",
				);
				MARKETING_VERSION = 1.0;
				PRODUCT_BUNDLE_IDENTIFIER = com.kunalmore.CodeRefinery;
				PRODUCT_NAME = "$(TARGET_NAME)";
				SWIFT_EMIT_LOC_STRINGS = YES;
				SWIFT_VERSION = 5.0;
				TARGETED_DEVICE_FAMILY = "1,2";
			};
			name = Debug;
		};
		1B7611B72BB8353A001CC620 /* Release */ = {
			isa = XCBuildConfiguration;
			buildSettings = {
				ASSETCATALOG_COMPILER_APPICON_NAME = AppIcon;
				ASSETCATALOG_COMPILER_GLOBAL_ACCENT_COLOR_NAME = AccentColor;
				CODE_SIGN_STYLE = Automatic;
				CURRENT_PROJECT_VERSION = 1;
				DEVELOPMENT_TEAM = H6U4V7CW7M;
				GENERATE_INFOPLIST_FILE = YES;
				INFOPLIST_FILE = CodeRefinery/Info.plist;
				INFOPLIST_KEY_UIApplicationSupportsIndirectInputEvents = YES;
				INFOPLIST_KEY_UILaunchStoryboardName = LaunchScreen;
				INFOPLIST_KEY_UIMainStoryboardFile = Main;
				INFOPLIST_KEY_UISupportedInterfaceOrientations_iPad = "UIInterfaceOrientationPortrait UIInterfaceOrientationPortraitUpsideDown UIInterfaceOrientationLandscapeLeft UIInterfaceOrientationLandscapeRight";
				INFOPLIST_KEY_UISupportedInterfaceOrientations_iPhone = "UIInterfaceOrientationPortrait UIInterfaceOrientationLandscapeLeft UIInterfaceOrientationLandscapeRight";
				LD_RUNPATH_SEARCH_PATHS = (
					"$(inherited)",
					"@executable_path/Frameworks",
				);
				MARKETING_VERSION = 1.0;
				PRODUCT_BUNDLE_IDENTIFIER = com.kunalmore.CodeRefinery;
				PRODUCT_NAME = "$(TARGET_NAME)";
				SWIFT_EMIT_LOC_STRINGS = YES;
				SWIFT_VERSION = 5.0;
				TARGETED_DEVICE_FAMILY = "1,2";
			};
			name = Release;
		};
		1B7611B92BB8353A001CC620 /* Debug */ = {
			isa = XCBuildConfiguration;
			buildSettings = {
				ALWAYS_EMBED_SWIFT_STANDARD_LIBRARIES = YES;
				BUNDLE_LOADER = "$(TEST_HOST)";
				CODE_SIGN_STYLE = Automatic;
				CURRENT_PROJECT_VERSION = 1;
				DEVELOPMENT_TEAM = H6U4V7CW7M;
				GENERATE_INFOPLIST_FILE = YES;
				IPHONEOS_DEPLOYMENT_TARGET = 17.4;
				MARKETING_VERSION = 1.0;
				PRODUCT_BUNDLE_IDENTIFIER = com.kunalmore.CodeRefineryTests;
				PRODUCT_NAME = "$(TARGET_NAME)";
				SWIFT_EMIT_LOC_STRINGS = NO;
				SWIFT_VERSION = 5.0;
				TARGETED_DEVICE_FAMILY = "1,2";
				TEST_HOST = "$(BUILT_PRODUCTS_DIR)/CodeRefinery.app/$(BUNDLE_EXECUTABLE_FOLDER_PATH)/CodeRefinery";
			};
			name = Debug;
		};
		1B7611BA2BB8353A001CC620 /* Release */ = {
			isa = XCBuildConfiguration;
			buildSettings = {
				ALWAYS_EMBED_SWIFT_STANDARD_LIBRARIES = YES;
				BUNDLE_LOADER = "$(TEST_HOST)";
				CODE_SIGN_STYLE = Automatic;
				CURRENT_PROJECT_VERSION = 1;
				DEVELOPMENT_TEAM = H6U4V7CW7M;
				GENERATE_INFOPLIST_FILE = YES;
				IPHONEOS_DEPLOYMENT_TARGET = 17.4;
				MARKETING_VERSION = 1.0;
				PRODUCT_BUNDLE_IDENTIFIER = com.kunalmore.CodeRefineryTests;
				PRODUCT_NAME = "$(TARGET_NAME)";
				SWIFT_EMIT_LOC_STRINGS = NO;
				SWIFT_VERSION = 5.0;
				TARGETED_DEVICE_FAMILY = "1,2";
				TEST_HOST = "$(BUILT_PRODUCTS_DIR)/CodeRefinery.app/$(BUNDLE_EXECUTABLE_FOLDER_PATH)/CodeRefinery";
			};
			name = Release;
		};
		1B7611BC2BB8353A001CC620 /* Debug */ = {
			isa = XCBuildConfiguration;
			buildSettings = {
				ALWAYS_EMBED_SWIFT_STANDARD_LIBRARIES = YES;
				CODE_SIGN_STYLE = Automatic;
				CURRENT_PROJECT_VERSION = 1;
				DEVELOPMENT_TEAM = H6U4V7CW7M;
				GENERATE_INFOPLIST_FILE = YES;
				MARKETING_VERSION = 1.0;
				PRODUCT_BUNDLE_IDENTIFIER = com.kunalmore.CodeRefineryUITests;
				PRODUCT_NAME = "$(TARGET_NAME)";
				SWIFT_EMIT_LOC_STRINGS = NO;
				SWIFT_VERSION = 5.0;
				TARGETED_DEVICE_FAMILY = "1,2";
				TEST_TARGET_NAME = CodeRefinery;
			};
			name = Debug;
		};
		1B7611BD2BB8353A001CC620 /* Release */ = {
			isa = XCBuildConfiguration;
			buildSettings = {
				ALWAYS_EMBED_SWIFT_STANDARD_LIBRARIES = YES;
				CODE_SIGN_STYLE = Automatic;
				CURRENT_PROJECT_VERSION = 1;
				DEVELOPMENT_TEAM = H6U4V7CW7M;
				GENERATE_INFOPLIST_FILE = YES;
				MARKETING_VERSION = 1.0;
				PRODUCT_BUNDLE_IDENTIFIER = com.kunalmore.CodeRefineryUITests;
				PRODUCT_NAME = "$(TARGET_NAME)";
				SWIFT_EMIT_LOC_STRINGS = NO;
				SWIFT_VERSION = 5.0;
				TARGETED_DEVICE_FAMILY = "1,2";
				TEST_TARGET_NAME = CodeRefinery;
			};
			name = Release;
		};
/* End XCBuildConfiguration section */

/* Begin XCConfigurationList section */
		1B7611862BB83538001CC620 /* Build configuration list for PBXProject "CodeRefinery" */ = {
			isa = XCConfigurationList;
			buildConfigurations = (
				1B7611B32BB8353A001CC620 /* Debug */,
				1B7611B42BB8353A001CC620 /* Release */,
			);
			defaultConfigurationIsVisible = 0;
			defaultConfigurationName = Release;
		};
		1B7611B52BB8353A001CC620 /* Build configuration list for PBXNativeTarget "CodeRefinery" */ = {
			isa = XCConfigurationList;
			buildConfigurations = (
				1B7611B62BB8353A001CC620 /* Debug */,
				1B7611B72BB8353A001CC620 /* Release */,
			);
			defaultConfigurationIsVisible = 0;
			defaultConfigurationName = Release;
		};
		1B7611B82BB8353A001CC620 /* Build configuration list for PBXNativeTarget "CodeRefineryTests" */ = {
			isa = XCConfigurationList;
			buildConfigurations = (
				1B7611B92BB8353A001CC620 /* Debug */,
				1B7611BA2BB8353A001CC620 /* Release */,
			);
			defaultConfigurationIsVisible = 0;
			defaultConfigurationName = Release;
		};
		1B7611BB2BB8353A001CC620 /* Build configuration list for PBXNativeTarget "CodeRefineryUITests" */ = {
			isa = XCConfigurationList;
			buildConfigurations = (
				1B7611BC2BB8353A001CC620 /* Debug */,
				1B7611BD2BB8353A001CC620 /* Release */,
			);
			defaultConfigurationIsVisible = 0;
			defaultConfigurationName = Release;
		};
/* End XCConfigurationList section */
	};
	rootObject = 1B7611832BB83538001CC620 /* Project object */;
}
